version: 6
environments:
  cu12:
    channels:
    - url: https://conda.anaconda.org/conda-forge/
    options:
      pypi-prerelease-mode: if-necessary-or-explicit
    packages:
      linux-64:
      - conda: https://conda.anaconda.org/conda-forge/noarch/cuda-version-12.9-h4f385c5_3.conda
      linux-aarch64:
      - conda: https://conda.anaconda.org/conda-forge/noarch/cuda-version-12.9-h4f385c5_3.conda
      win-64:
      - conda: https://conda.anaconda.org/conda-forge/noarch/cuda-version-12.9-h4f385c5_3.conda
  cu13:
    channels:
    - url: https://conda.anaconda.org/conda-forge/
    options:
      pypi-prerelease-mode: if-necessary-or-explicit
    packages:
      linux-64:
      - conda: https://conda.anaconda.org/conda-forge/noarch/cuda-version-13.1-h2ff5cdb_3.conda
      linux-aarch64:
      - conda: https://conda.anaconda.org/conda-forge/noarch/cuda-version-13.1-h2ff5cdb_3.conda
      win-64:
      - conda: https://conda.anaconda.org/conda-forge/noarch/cuda-version-13.1-h2ff5cdb_3.conda
  default:
    channels:
    - url: https://conda.anaconda.org/conda-forge/
    options:
      pypi-prerelease-mode: if-necessary-or-explicit
    packages: {}
packages:
- conda: https://conda.anaconda.org/conda-forge/noarch/cuda-version-12.9-h4f385c5_3.conda
  sha256: 5f5f428031933f117ff9f7fcc650e6ea1b3fef5936cf84aa24af79167513b656
  md5: b6d5d7f1c171cbd228ea06b556cfa859
  constrains:
  - cudatoolkit 12.9|12.9.*
  - __cuda >=12
  license: LicenseRef-NVIDIA-End-User-License-Agreement
  size: 21578
  timestamp: 1746134436166
- conda: https://conda.anaconda.org/conda-forge/noarch/cuda-version-13.1-h2ff5cdb_3.conda
  sha256: 176ac20fdb95611af8fb2bf0d3d16fee998019b1d0f12fc9ddd5fa0df4553992
  md5: d85448460c25ee43ff2f8346bb9ad52b
  constrains:
  - cudatoolkit 13.1|13.1.*
  - __cuda >=13
  license: LicenseRef-NVIDIA-End-User-License-Agreement
  size: 21511
  timestamp: 1757017115788
