version: 6
environments:
  default:
    channels:
    - url: https://conda.anaconda.org/conda-forge/
    options:
      channel-priority: disabled
      pypi-prerelease-mode: if-necessary-or-explicit
    packages: {}
  source:
    channels:
    - url: https://conda.anaconda.org/conda-forge/
    options:
      channel-priority: disabled
      pypi-prerelease-mode: if-necessary-or-explicit
    packages:
      linux-64:
      - conda: https://conda.anaconda.org/conda-forge/linux-64/_openmp_mutex-4.5-20_gnu.conda
      - conda: https://conda.anaconda.org/conda-forge/linux-64/bzip2-1.0.8-hda65f42_9.conda
      - conda: https://conda.anaconda.org/conda-forge/noarch/ca-certificates-2026.4.22-hbd8a1cb_0.conda
      - conda: https://conda.anaconda.org/conda-forge/linux-64/cffi-2.0.0-py314h4a8dc5f_1.conda
      - conda: https://conda.anaconda.org/conda-forge/noarch/cfgv-3.5.0-pyhd8ed1ab_0.conda
      - conda: https://conda.anaconda.org/conda-forge/linux-64/cuda-bindings-13.2.0-py314ha0b5721_0.conda
      - conda: https://conda.anaconda.org/conda-forge/linux-64/cuda-cudart-13.2.75-hecca717_0.conda
      - conda: https://conda.anaconda.org/conda-forge/noarch/cuda-cudart_linux-64-13.2.75-h376f20c_0.conda
      - conda: https://conda.anaconda.org/conda-forge/linux-64/cuda-nvrtc-13.2.78-hecca717_0.conda
      - conda: https://conda.anaconda.org/conda-forge/linux-64/cuda-nvvm-impl-13.2.78-h4bc722e_0.conda
      - conda: https://conda.anaconda.org/conda-forge/noarch/cuda-pathfinder-1.5.4-pyhc364b38_0.conda
      - conda: https://conda.anaconda.org/conda-forge/noarch/cuda-version-13.2-he2cc418_3.conda
      - conda: https://conda.anaconda.org/conda-forge/noarch/distlib-0.4.0-pyhd8ed1ab_0.conda
      - conda: https://conda.anaconda.org/conda-forge/noarch/filelock-3.29.0-pyhd8ed1ab_0.conda
      - conda: https://conda.anaconda.org/conda-forge/linux-64/icu-78.3-h33c6efd_0.conda
      - conda: https://conda.anaconda.org/conda-forge/noarch/identify-2.6.19-pyhd8ed1ab_0.conda
      - conda: https://conda.anaconda.org/conda-forge/noarch/importlib-metadata-8.8.0-pyhcf101f3_0.conda
      - conda: https://conda.anaconda.org/conda-forge/linux-64/ld_impl_linux-64-2.45.1-default_hbd61a6d_102.conda
      - conda: https://conda.anaconda.org/conda-forge/linux-64/libblas-3.11.0-6_h4a7cf45_openblas.conda
      - conda: https://conda.anaconda.org/conda-forge/linux-64/libcap-2.77-hd0affe5_1.conda
      - conda: https://conda.anaconda.org/conda-forge/linux-64/libcblas-3.11.0-6_h0358290_openblas.conda
      - conda: https://conda.anaconda.org/conda-forge/linux-64/libcufile-1.17.1.22-h85c024f_0.conda
      - conda: https://conda.anaconda.org/conda-forge/linux-64/libexpat-2.7.5-hecca717_0.conda
      - conda: https://conda.anaconda.org/conda-forge/linux-64/libffi-3.5.2-h3435931_0.conda
      - conda: https://conda.anaconda.org/conda-forge/linux-64/libgcc-15.2.0-he0feb66_18.conda
      - conda: https://conda.anaconda.org/conda-forge/linux-64/libgfortran-15.2.0-h69a702a_18.conda
      - conda: https://conda.anaconda.org/conda-forge/linux-64/libgfortran5-15.2.0-h68bc16d_18.conda
      - conda: https://conda.anaconda.org/conda-forge/linux-64/libgomp-15.2.0-he0feb66_18.conda
      - conda: https://conda.anaconda.org/conda-forge/linux-64/liblapack-3.11.0-6_h47877c9_openblas.conda
      - conda: https://conda.anaconda.org/conda-forge/linux-64/liblzma-5.8.3-hb03c661_0.conda
      - conda: https://conda.anaconda.org/conda-forge/linux-64/libmpdec-4.0.0-hb03c661_1.conda
      - conda: https://conda.anaconda.org/conda-forge/linux-64/libnl-3.11.0-hb9d3cd8_0.conda
      - conda: https://conda.anaconda.org/conda-forge/linux-64/libnvjitlink-13.2.78-hecca717_0.conda
      - conda: https://conda.anaconda.org/conda-forge/linux-64/libopenblas-0.3.32-pthreads_h94d23a6_0.conda
      - conda: https://conda.anaconda.org/conda-forge/linux-64/libsqlite-3.53.0-hf4e2dac_0.conda
      - conda: https://conda.anaconda.org/conda-forge/linux-64/libstdcxx-15.2.0-h934c35e_18.conda
      - conda: https://conda.anaconda.org/conda-forge/linux-64/libsystemd0-257.13-hd0affe5_0.conda
      - conda: https://conda.anaconda.org/conda-forge/linux-64/libudev1-257.13-hd0affe5_0.conda
      - conda: https://conda.anaconda.org/conda-forge/linux-64/libuuid-2.42-h5347b49_0.conda
      - conda: https://conda.anaconda.org/conda-forge/linux-64/libzlib-1.3.2-h25fd6f3_2.conda
      - conda: https://conda.anaconda.org/conda-forge/linux-64/ncurses-6.6-hdb14827_0.conda
      - conda: https://conda.anaconda.org/conda-forge/noarch/nodeenv-1.10.0-pyhd8ed1ab_0.conda
      - conda: https://conda.anaconda.org/conda-forge/linux-64/numpy-2.4.3-py314h2b28147_0.conda
      - conda: https://conda.anaconda.org/conda-forge/linux-64/openssl-3.6.2-h35e630c_0.conda
      - conda: https://conda.anaconda.org/conda-forge/noarch/platformdirs-4.9.6-pyhcf101f3_0.conda
      - conda: https://conda.anaconda.org/conda-forge/noarch/pre-commit-4.6.0-pyha770c72_0.conda
      - conda: https://conda.anaconda.org/conda-forge/noarch/pycparser-2.22-pyh29332c3_1.conda
      - conda: https://conda.anaconda.org/conda-forge/linux-64/pyperf-2.9.0-py314hdafbbf9_0.conda
      - conda: https://conda.anaconda.org/conda-forge/linux-64/python-3.14.4-habeac84_100_cp314.conda
      - conda: https://conda.anaconda.org/conda-forge/noarch/python-discovery-1.2.2-pyhcf101f3_0.conda
      - conda: https://conda.anaconda.org/conda-forge/noarch/python_abi-3.14-8_cp314.conda
      - conda: https://conda.anaconda.org/conda-forge/linux-64/pyyaml-6.0.3-py314h67df5f8_1.conda
      - conda: https://conda.anaconda.org/conda-forge/linux-64/rdma-core-61.0-h192683f_0.conda
      - conda: https://conda.anaconda.org/conda-forge/linux-64/readline-8.3-h853b02a_0.conda
      - conda: https://conda.anaconda.org/conda-forge/noarch/setuptools-82.0.1-pyh332efcf_0.conda
      - conda: https://conda.anaconda.org/conda-forge/noarch/six-1.17.0-pyhe01879c_1.conda
      - conda: https://conda.anaconda.org/conda-forge/linux-64/tk-8.6.13-noxft_h366c992_103.conda
      - conda: https://conda.anaconda.org/conda-forge/noarch/typing_extensions-4.15.0-pyhcf101f3_0.conda
      - conda: https://conda.anaconda.org/conda-forge/noarch/tzdata-2025c-hc9c84f9_1.conda
      - conda: https://conda.anaconda.org/conda-forge/linux-64/ukkonen-1.1.0-py314h9891dd4_0.conda
      - conda: https://conda.anaconda.org/conda-forge/noarch/virtualenv-21.3.0-pyhcf101f3_0.conda
      - conda: https://conda.anaconda.org/conda-forge/linux-64/yaml-0.2.5-h280c20c_3.conda
      - conda: https://conda.anaconda.org/conda-forge/noarch/zipp-3.23.1-pyhcf101f3_0.conda
      - conda: https://conda.anaconda.org/conda-forge/linux-64/zstd-1.5.7-hb78ec9c_6.conda
      - conda: ../../cuda_core
  wheel:
    channels:
    - url: https://conda.anaconda.org/conda-forge/
    options:
      channel-priority: disabled
      pypi-prerelease-mode: if-necessary-or-explicit
    packages:
      linux-64:
      - conda: https://conda.anaconda.org/conda-forge/linux-64/_openmp_mutex-4.5-20_gnu.conda
      - conda: https://conda.anaconda.org/conda-forge/linux-64/bzip2-1.0.8-hda65f42_9.conda
      - conda: https://conda.anaconda.org/conda-forge/noarch/ca-certificates-2026.4.22-hbd8a1cb_0.conda
      - conda: https://conda.anaconda.org/conda-forge/linux-64/cffi-2.0.0-py314h4a8dc5f_1.conda
      - conda: https://conda.anaconda.org/conda-forge/noarch/cfgv-3.5.0-pyhd8ed1ab_0.conda
      - conda: https://conda.anaconda.org/conda-forge/linux-64/cuda-bindings-13.2.0-py314ha0b5721_0.conda
      - conda: https://conda.anaconda.org/conda-forge/linux-64/cuda-core-0.7.0-cuda13_py314h025f531_0.conda
      - conda: https://conda.anaconda.org/conda-forge/linux-64/cuda-nvrtc-13.1.115-hecca717_0.conda
      - conda: https://conda.anaconda.org/conda-forge/linux-64/cuda-nvvm-impl-13.1.115-h4bc722e_0.conda
      - conda: https://conda.anaconda.org/conda-forge/noarch/cuda-pathfinder-1.5.4-pyhc364b38_0.conda
      - conda: https://conda.anaconda.org/conda-forge/noarch/cuda-version-13.1-h2ff5cdb_3.conda
      - conda: https://conda.anaconda.org/conda-forge/noarch/distlib-0.4.0-pyhd8ed1ab_0.conda
      - conda: https://conda.anaconda.org/conda-forge/noarch/filelock-3.29.0-pyhd8ed1ab_0.conda
      - conda: https://conda.anaconda.org/conda-forge/linux-64/icu-78.3-h33c6efd_0.conda
      - conda: https://conda.anaconda.org/conda-forge/noarch/identify-2.6.19-pyhd8ed1ab_0.conda
      - conda: https://conda.anaconda.org/conda-forge/noarch/importlib-metadata-8.8.0-pyhcf101f3_0.conda
      - conda: https://conda.anaconda.org/conda-forge/linux-64/ld_impl_linux-64-2.45.1-default_hbd61a6d_102.conda
      - conda: https://conda.anaconda.org/conda-forge/linux-64/libblas-3.11.0-6_h4a7cf45_openblas.conda
      - conda: https://conda.anaconda.org/conda-forge/linux-64/libcap-2.77-hd0affe5_1.conda
      - conda: https://conda.anaconda.org/conda-forge/linux-64/libcblas-3.11.0-6_h0358290_openblas.conda
      - conda: https://conda.anaconda.org/conda-forge/linux-64/libcufile-1.16.1.26-hd07211c_0.conda
      - conda: https://conda.anaconda.org/conda-forge/linux-64/libexpat-2.7.5-hecca717_0.conda
      - conda: https://conda.anaconda.org/conda-forge/linux-64/libffi-3.5.2-h3435931_0.conda
      - conda: https://conda.anaconda.org/conda-forge/linux-64/libgcc-15.2.0-he0feb66_18.conda
      - conda: https://conda.anaconda.org/conda-forge/linux-64/libgfortran-15.2.0-h69a702a_18.conda
      - conda: https://conda.anaconda.org/conda-forge/linux-64/libgfortran5-15.2.0-h68bc16d_18.conda
      - conda: https://conda.anaconda.org/conda-forge/linux-64/libgomp-15.2.0-he0feb66_18.conda
      - conda: https://conda.anaconda.org/conda-forge/linux-64/liblapack-3.11.0-6_h47877c9_openblas.conda
      - conda: https://conda.anaconda.org/conda-forge/linux-64/liblzma-5.8.3-hb03c661_0.conda
      - conda: https://conda.anaconda.org/conda-forge/linux-64/libmpdec-4.0.0-hb03c661_1.conda
      - conda: https://conda.anaconda.org/conda-forge/linux-64/libnl-3.11.0-hb9d3cd8_0.conda
      - conda: https://conda.anaconda.org/conda-forge/linux-64/libnvjitlink-13.2.78-hecca717_0.conda
      - conda: https://conda.anaconda.org/conda-forge/linux-64/libopenblas-0.3.32-pthreads_h94d23a6_0.conda
      - conda: https://conda.anaconda.org/conda-forge/linux-64/libsqlite-3.53.0-hf4e2dac_0.conda
      - conda: https://conda.anaconda.org/conda-forge/linux-64/libstdcxx-15.2.0-h934c35e_18.conda
      - conda: https://conda.anaconda.org/conda-forge/linux-64/libsystemd0-257.13-hd0affe5_0.conda
      - conda: https://conda.anaconda.org/conda-forge/linux-64/libudev1-257.13-hd0affe5_0.conda
      - conda: https://conda.anaconda.org/conda-forge/linux-64/libuuid-2.42-h5347b49_0.conda
      - conda: https://conda.anaconda.org/conda-forge/linux-64/libzlib-1.3.2-h25fd6f3_2.conda
      - conda: https://conda.anaconda.org/conda-forge/linux-64/ncurses-6.6-hdb14827_0.conda
      - conda: https://conda.anaconda.org/conda-forge/noarch/nodeenv-1.10.0-pyhd8ed1ab_0.conda
      - conda: https://conda.anaconda.org/conda-forge/linux-64/numpy-2.4.3-py314h2b28147_0.conda
      - conda: https://conda.anaconda.org/conda-forge/linux-64/openssl-3.6.2-h35e630c_0.conda
      - conda: https://conda.anaconda.org/conda-forge/noarch/platformdirs-4.9.6-pyhcf101f3_0.conda
      - conda: https://conda.anaconda.org/conda-forge/noarch/pre-commit-4.6.0-pyha770c72_0.conda
      - conda: https://conda.anaconda.org/conda-forge/noarch/pycparser-2.22-pyh29332c3_1.conda
      - conda: https://conda.anaconda.org/conda-forge/linux-64/pyperf-2.9.0-py314hdafbbf9_0.conda
      - conda: https://conda.anaconda.org/conda-forge/linux-64/python-3.14.4-habeac84_100_cp314.conda
      - conda: https://conda.anaconda.org/conda-forge/noarch/python-discovery-1.2.2-pyhcf101f3_0.conda
      - conda: https://conda.anaconda.org/conda-forge/noarch/python_abi-3.14-8_cp314.conda
      - conda: https://conda.anaconda.org/conda-forge/linux-64/pyyaml-6.0.3-py314h67df5f8_1.conda
      - conda: https://conda.anaconda.org/conda-forge/linux-64/rdma-core-61.0-h192683f_0.conda
      - conda: https://conda.anaconda.org/conda-forge/linux-64/readline-8.3-h853b02a_0.conda
      - conda: https://conda.anaconda.org/conda-forge/noarch/setuptools-82.0.1-pyh332efcf_0.conda
      - conda: https://conda.anaconda.org/conda-forge/noarch/six-1.17.0-pyhe01879c_1.conda
      - conda: https://conda.anaconda.org/conda-forge/linux-64/tk-8.6.13-noxft_h366c992_103.conda
      - conda: https://conda.anaconda.org/conda-forge/noarch/typing_extensions-4.15.0-pyhcf101f3_0.conda
      - conda: https://conda.anaconda.org/conda-forge/noarch/tzdata-2025c-hc9c84f9_1.conda
      - conda: https://conda.anaconda.org/conda-forge/linux-64/ukkonen-1.1.0-py314h9891dd4_0.conda
      - conda: https://conda.anaconda.org/conda-forge/noarch/virtualenv-21.3.0-pyhcf101f3_0.conda
      - conda: https://conda.anaconda.org/conda-forge/linux-64/yaml-0.2.5-h280c20c_3.conda
      - conda: https://conda.anaconda.org/conda-forge/noarch/zipp-3.23.1-pyhcf101f3_0.conda
      - conda: https://conda.anaconda.org/conda-forge/linux-64/zstd-1.5.7-hb78ec9c_6.conda
packages:
- conda: https://conda.anaconda.org/conda-forge/linux-64/_openmp_mutex-4.5-20_gnu.conda
  build_number: 20
  sha256: 1dd3fffd892081df9726d7eb7e0dea6198962ba775bd88842135a4ddb4deb3c9
  md5: a9f577daf3de00bca7c3c76c0ecbd1de
  depends:
  - __glibc >=2.17,<3.0.a0
  - libgomp >=7.5.0
  constrains:
  - openmp_impl <0.0a0
  license: BSD-3-Clause
  license_family: BSD
  size: 28948
  timestamp: 1770939786096
- conda: https://conda.anaconda.org/conda-forge/linux-64/bzip2-1.0.8-hda65f42_9.conda
  sha256: 0b75d45f0bba3e95dc693336fa51f40ea28c980131fec438afb7ce6118ed05f6
  md5: d2ffd7602c02f2b316fd921d39876885
  depends:
  - __glibc >=2.17,<3.0.a0
  - libgcc >=14
  license: bzip2-1.0.6
  license_family: BSD
  size: 260182
  timestamp: 1771350215188
- conda: https://conda.anaconda.org/conda-forge/noarch/ca-certificates-2026.4.22-hbd8a1cb_0.conda
  sha256: c9dbcc8039a52023660d6d1bbf87594a93dd69c6ac5a2a44323af2c92976728d
  md5: e18ad67cf881dcadee8b8d9e2f8e5f73
  depends:
  - __unix
  license: ISC
  size: 131039
  timestamp: 1776865545798
- conda: https://conda.anaconda.org/conda-forge/linux-64/cffi-2.0.0-py314h4a8dc5f_1.conda
  sha256: c6339858a0aaf5d939e00d345c98b99e4558f285942b27232ac098ad17ac7f8e
  md5: cf45f4278afd6f4e6d03eda0f435d527
  depends:
  - __glibc >=2.17,<3.0.a0
  - libffi >=3.5.2,<3.6.0a0
  - libgcc >=14
  - pycparser
  - python >=3.14,<3.15.0a0
  - python_abi 3.14.* *_cp314
  license: MIT
  license_family: MIT
  size: 300271
  timestamp: 1761203085220
- conda: https://conda.anaconda.org/conda-forge/noarch/cfgv-3.5.0-pyhd8ed1ab_0.conda
  sha256: aa589352e61bb221351a79e5946d56916e3c595783994884accdb3b97fe9d449
  md5: 381bd45fb7aa032691f3063aff47e3a1
  depends:
  - python >=3.10
  license: MIT
  license_family: MIT
  size: 13589
  timestamp: 1763607964133
- conda: https://conda.anaconda.org/conda-forge/linux-64/cuda-bindings-13.2.0-py314ha0b5721_0.conda
  sha256: f77e397cbf7b173dae7470aca3052184779431b7a7bcce3ecc56c2822c83cdb4
  md5: 29baeabdf5e58a696a68625b7bd8d9f8
  depends:
  - __glibc >=2.17,<3.0.a0
  - cuda-nvrtc >=13,<14.0a0
  - cuda-nvvm-impl >=13,<14.0a0
  - cuda-pathfinder >=1.1.0,<2
  - cuda-version >=13,<14.0a0
  - libcufile >=1,<2.0a0
  - libgcc >=14
  - libnvjitlink >=13.0,<14.0a0
  - libstdcxx >=14
  - python >=3.14,<3.15.0a0
  - python_abi 3.14.* *_cp314
  constrains:
  - cuda-cudart >=13,<14.0a0
  - cuda-python >=13.2.0,<13.3.0a0
  license: LicenseRef-NVIDIA-SOFTWARE-LICENSE
  size: 4281852
  timestamp: 1773284503198
- conda: ../../cuda_core
  name: cuda-core
  version: 0.7.0
  build: hb0f4dca_0
  subdir: linux-64
  variants:
    target_platform: linux-64
  depends:
  - python
  - cuda-version
  - numpy
  - cuda-bindings
  - cuda-pathfinder
  - libgcc >=15
  - libgcc >=15
  - libstdcxx >=15
  - python_abi 3.14.* *_cp314
  - cuda-nvrtc >=13.2.78,<14.0a0
  - cuda-cudart >=13.2.75,<14.0a0
  license: Apache-2.0
- conda: https://conda.anaconda.org/conda-forge/linux-64/cuda-core-0.7.0-cuda13_py314h025f531_0.conda
  sha256: 25841761aa7cfb2a9295afbefea5ab96ac15f07aa56fc35acb36d254c92e6747
  md5: 60c216b8b88821564e7f2409d6437bb5
  depends:
  - __glibc >=2.17,<3.0.a0
  - cuda-bindings >=13,<14.0a0
  - cuda-pathfinder >=1.4.2,<2
  - cuda-version >=13,<14.0a0
  - libgcc >=14
  - libstdcxx >=14
  - numpy
  - python >=3.14,<3.15.0a0
  - python_abi 3.14.* *_cp314
  license: Apache-2.0
  license_family: APACHE
  size: 1541620
  timestamp: 1775673907706
- conda: https://conda.anaconda.org/conda-forge/linux-64/cuda-cudart-13.2.75-hecca717_0.conda
  sha256: 633bc9ba458a12a20a42776bf3fa25cecfddc65a22e4ed207fe09b9adcd9de58
  md5: 9b7dcd83f8a965efcf7377dc54203619
  depends:
  - __glibc >=2.17,<3.0.a0
  - cuda-cudart_linux-64 13.2.75 h376f20c_0
  - cuda-version >=13.2,<13.3.0a0
  - libgcc >=14
  - libstdcxx >=14
  license: LicenseRef-NVIDIA-End-User-License-Agreement
  size: 24542
  timestamp: 1776110472025
- conda: https://conda.anaconda.org/conda-forge/noarch/cuda-cudart_linux-64-13.2.75-h376f20c_0.conda
  sha256: cd03c67b2005e2e74ff278f6f8b17ca7d6f18cf43fb00775833669508d301a83
  md5: ff98f2b9b87eb8b3a4b36745d3d5b93e
  depends:
  - cuda-version >=13.2,<13.3.0a0
  license: LicenseRef-NVIDIA-End-User-License-Agreement
  size: 203339
  timestamp: 1776110448238
- conda: https://conda.anaconda.org/conda-forge/linux-64/cuda-nvrtc-13.1.115-hecca717_0.conda
  sha256: 9cc4f9df70c02eea5121cdb0e865207b04cd52591f57ebcac2ba44fada10eb5b
  md5: df16c9049d882cdaf4f83a5b90079589
  depends:
  - __glibc >=2.17,<3.0.a0
  - cuda-version >=13.1,<13.2.0a0
  - libgcc >=14
  - libstdcxx >=14
  license: LicenseRef-NVIDIA-End-User-License-Agreement
  size: 35339417
  timestamp: 1768272955912
- conda: https://conda.anaconda.org/conda-forge/linux-64/cuda-nvrtc-13.2.78-hecca717_0.conda
  sha256: 73fbc9d15c062c3ea60891e8183002f6b055fa6638402d17581677af0aaa20d8
  md5: 66623d882c42506fa3f1780b90841400
  depends:
  - __glibc >=2.17,<3.0.a0
  - cuda-version >=13.2,<13.3.0a0
  - libgcc >=14
  - libstdcxx >=14
  license: LicenseRef-NVIDIA-End-User-License-Agreement
  size: 35670504
  timestamp: 1776109867257
- conda: https://conda.anaconda.org/conda-forge/linux-64/cuda-nvvm-impl-13.1.115-h4bc722e_0.conda
  sha256: 12d84615684f1279799c023ce4ccc7c34f151bec2a90e0c8d04798a8c8af437c
  md5: bf76661bc0de83a60537c4913f339fb3
  depends:
  - __glibc >=2.17,<3.0.a0
  - cuda-version >=13.1,<13.2.0a0
  - libgcc >=12
  license: LicenseRef-NVIDIA-End-User-License-Agreement
  size: 21873791
  timestamp: 1768280315627
- conda: https://conda.anaconda.org/conda-forge/linux-64/cuda-nvvm-impl-13.2.78-h4bc722e_0.conda
  sha256: 944d132f61f240131abff67646da4040ae585a1f43c6b38fabebb6cc075a7c16
  md5: 5e1021b4c73e795deabbf35ed1317dcb
  depends:
  - __glibc >=2.17,<3.0.a0
  - cuda-version >=13.2,<13.3.0a0
  - libgcc >=12
  license: LicenseRef-NVIDIA-End-User-License-Agreement
  size: 22205958
  timestamp: 1776121258973
- conda: https://conda.anaconda.org/conda-forge/noarch/cuda-pathfinder-1.5.4-pyhc364b38_0.conda
  sha256: 662046880e1dd8f62cd2ad8ac9618ace683cb7a3f3af93c52e425a772c9b4f00
  md5: 42d4610b52102122741f9bf68f2866ed
  depends:
  - python >=3.10
  - cuda-version >=12.0,<14
  - python
  license: Apache-2.0
  license_family: APACHE
  size: 45892
  timestamp: 1777330272729
- conda: https://conda.anaconda.org/conda-forge/noarch/cuda-version-13.1-h2ff5cdb_3.conda
  sha256: 176ac20fdb95611af8fb2bf0d3d16fee998019b1d0f12fc9ddd5fa0df4553992
  md5: d85448460c25ee43ff2f8346bb9ad52b
  constrains:
  - cudatoolkit 13.1|13.1.*
  - __cuda >=13
  license: LicenseRef-NVIDIA-End-User-License-Agreement
  size: 21511
  timestamp: 1757017115788
- conda: https://conda.anaconda.org/conda-forge/noarch/cuda-version-13.2-he2cc418_3.conda
  sha256: 64aebe8ccb3a2c3ff446d3c0c0e88ef4fdb069a5732c03539bf3a37243c4c679
  md5: 45676e3dd76b30ec613f1f822d450eff
  constrains:
  - __cuda >=13
  - cudatoolkit 13.2|13.2.*
  license: LicenseRef-NVIDIA-End-User-License-Agreement
  size: 21908
  timestamp: 1773093709154
- conda: https://conda.anaconda.org/conda-forge/noarch/distlib-0.4.0-pyhd8ed1ab_0.conda
  sha256: 6d977f0b2fc24fee21a9554389ab83070db341af6d6f09285360b2e09ef8b26e
  md5: 003b8ba0a94e2f1e117d0bd46aebc901
  depends:
  - python >=3.9
  license: Apache-2.0
  license_family: APACHE
  size: 275642
  timestamp: 1752823081585
- conda: https://conda.anaconda.org/conda-forge/noarch/filelock-3.29.0-pyhd8ed1ab_0.conda
  sha256: 6b471a18372bbd52bdf32fc965f71de3bc1b5219418b8e6b3875a67a7b08c483
  md5: 8fa8358d022a3a9bd101384a808044c6
  depends:
  - python >=3.10
  license: Unlicense
  size: 34211
  timestamp: 1776621506566
- conda: https://conda.anaconda.org/conda-forge/linux-64/icu-78.3-h33c6efd_0.conda
  sha256: fbf86c4a59c2ed05bbffb2ba25c7ed94f6185ec30ecb691615d42342baa1a16a
  md5: c80d8a3b84358cb967fa81e7075fbc8a
  depends:
  - __glibc >=2.17,<3.0.a0
  - libgcc >=14
  - libstdcxx >=14
  license: MIT
  license_family: MIT
  size: 12723451
  timestamp: 1773822285671
- conda: https://conda.anaconda.org/conda-forge/noarch/identify-2.6.19-pyhd8ed1ab_0.conda
  sha256: 381cedccf0866babfc135d65ee40b778bd20e927d2a5ec810f750c5860a7c5b8
  md5: 84a3233b709a289a4ddd7a2fd27dd988
  depends:
  - python >=3.10
  - ukkonen
  license: MIT
  license_family: MIT
  size: 79757
  timestamp: 1776455344188
- conda: https://conda.anaconda.org/conda-forge/noarch/importlib-metadata-8.8.0-pyhcf101f3_0.conda
  sha256: 82ab2a0d91ca1e7e63ab6a4939356667ef683905dea631bc2121aa534d347b16
  md5: 080594bf4493e6bae2607e65390c520a
  depends:
  - python >=3.10
  - zipp >=3.20
  - python
  license: Apache-2.0
  license_family: APACHE
  size: 34387
  timestamp: 1773931568510
- conda: https://conda.anaconda.org/conda-forge/linux-64/ld_impl_linux-64-2.45.1-default_hbd61a6d_102.conda
  sha256: 3d584956604909ff5df353767f3a2a2f60e07d070b328d109f30ac40cd62df6c
  md5: 18335a698559cdbcd86150a48bf54ba6
  depends:
  - __glibc >=2.17,<3.0.a0
  - zstd >=1.5.7,<1.6.0a0
  constrains:
  - binutils_impl_linux-64 2.45.1
  license: GPL-3.0-only
  license_family: GPL
  size: 728002
  timestamp: 1774197446916
- conda: https://conda.anaconda.org/conda-forge/linux-64/libblas-3.11.0-6_h4a7cf45_openblas.conda
  build_number: 6
  sha256: 7bfe936dbb5db04820cf300a9cc1f5ee8d5302fc896c2d66e30f1ee2f20fbfd6
  md5: 6d6d225559bfa6e2f3c90ee9c03d4e2e
  depends:
  - libopenblas >=0.3.32,<0.3.33.0a0
  - libopenblas >=0.3.32,<1.0a0
  constrains:
  - blas 2.306   openblas
  - liblapack  3.11.0   6*_openblas
  - liblapacke 3.11.0   6*_openblas
  - libcblas   3.11.0   6*_openblas
  - mkl <2026
  license: BSD-3-Clause
  license_family: BSD
  size: 18621
  timestamp: 1774503034895
- conda: https://conda.anaconda.org/conda-forge/linux-64/libcap-2.77-hd0affe5_1.conda
  sha256: 37c41b1024d0c75da76822e3c079aabaf121618a32fe05e53a897b35a88008fc
  md5: 499cd8e2d4358986dbe3b30e8fe1bf6a
  depends:
  - __glibc >=2.17,<3.0.a0
  - libgcc >=14
  license: BSD-3-Clause
  license_family: BSD
  size: 124432
  timestamp: 1774333989027
- conda: https://conda.anaconda.org/conda-forge/linux-64/libcblas-3.11.0-6_h0358290_openblas.conda
  build_number: 6
  sha256: 57edafa7796f6fa3ebbd5367692dd4c7f552be42109c2dd1a7c89b55089bf374
  md5: 36ae340a916635b97ac8a0655ace2a35
  depends:
  - libblas 3.11.0 6_h4a7cf45_openblas
  constrains:
  - blas 2.306   openblas
  - liblapack  3.11.0   6*_openblas
  - liblapacke 3.11.0   6*_openblas
  license: BSD-3-Clause
  license_family: BSD
  size: 18622
  timestamp: 1774503050205
- conda: https://conda.anaconda.org/conda-forge/linux-64/libcufile-1.16.1.26-hd07211c_0.conda
  sha256: 8c44b5bf947afad827df0df49fe7483cf1b2916694081b2db4fecdfd6a2bacd1
  md5: 48418c48dac04671fa46cb446122b8a5
  depends:
  - __glibc >=2.28,<3.0.a0
  - cuda-version >=13.1,<13.2.0a0
  - libgcc >=14
  - libstdcxx >=14
  - rdma-core >=60.0
  license: LicenseRef-NVIDIA-End-User-License-Agreement
  size: 990938
  timestamp: 1768273732081
- conda: https://conda.anaconda.org/conda-forge/linux-64/libcufile-1.17.1.22-h85c024f_0.conda
  sha256: a24ad0ca488aa3e237049cd5b5c6d7fe3d2d4330682ed329203064e332ea1d74
  md5: 056a67706108efd1f9c24682ba8d3685
  depends:
  - __glibc >=2.28,<3.0.a0
  - cuda-version >=13.2,<13.3.0a0
  - libgcc >=14
  - libstdcxx >=14
  - rdma-core >=61.0
  license: LicenseRef-NVIDIA-End-User-License-Agreement
  size: 1082447
  timestamp: 1776110053053
- conda: https://conda.anaconda.org/conda-forge/linux-64/libexpat-2.7.5-hecca717_0.conda
  sha256: e8c2b57f6aacabdf2f1b0924bd4831ce5071ba080baa4a9e8c0d720588b6794c
  md5: 49f570f3bc4c874a06ea69b7225753af
  depends:
  - __glibc >=2.17,<3.0.a0
  - libgcc >=14
  constrains:
  - expat 2.7.5.*
  license: MIT
  license_family: MIT
  size: 76624
  timestamp: 1774719175983
- conda: https://conda.anaconda.org/conda-forge/linux-64/libffi-3.5.2-h3435931_0.conda
  sha256: 31f19b6a88ce40ebc0d5a992c131f57d919f73c0b92cd1617a5bec83f6e961e6
  md5: a360c33a5abe61c07959e449fa1453eb
  depends:
  - __glibc >=2.17,<3.0.a0
  - libgcc >=14
  license: MIT
  license_family: MIT
  size: 58592
  timestamp: 1769456073053
- conda: https://conda.anaconda.org/conda-forge/linux-64/libgcc-15.2.0-he0feb66_18.conda
  sha256: faf7d2017b4d718951e3a59d081eb09759152f93038479b768e3d612688f83f5
  md5: 0aa00f03f9e39fb9876085dee11a85d4
  depends:
  - __glibc >=2.17,<3.0.a0
  - _openmp_mutex >=4.5
  constrains:
  - libgcc-ng ==15.2.0=*_18
  - libgomp 15.2.0 he0feb66_18
  license: GPL-3.0-only WITH GCC-exception-3.1
  license_family: GPL
  size: 1041788
  timestamp: 1771378212382
- conda: https://conda.anaconda.org/conda-forge/linux-64/libgfortran-15.2.0-h69a702a_18.conda
  sha256: d2c9fad338fd85e4487424865da8e74006ab2e2475bd788f624d7a39b2a72aee
  md5: 9063115da5bc35fdc3e1002e69b9ef6e
  depends:
  - libgfortran5 15.2.0 h68bc16d_18
  constrains:
  - libgfortran-ng ==15.2.0=*_18
  license: GPL-3.0-only WITH GCC-exception-3.1
  license_family: GPL
  size: 27523
  timestamp: 1771378269450
- conda: https://conda.anaconda.org/conda-forge/linux-64/libgfortran5-15.2.0-h68bc16d_18.conda
  sha256: 539b57cf50ec85509a94ba9949b7e30717839e4d694bc94f30d41c9d34de2d12
  md5: 646855f357199a12f02a87382d429b75
  depends:
  - __glibc >=2.17,<3.0.a0
  - libgcc >=15.2.0
  constrains:
  - libgfortran 15.2.0
  license: GPL-3.0-only WITH GCC-exception-3.1
  license_family: GPL
  size: 2482475
  timestamp: 1771378241063
- conda: https://conda.anaconda.org/conda-forge/linux-64/libgomp-15.2.0-he0feb66_18.conda
  sha256: 21337ab58e5e0649d869ab168d4e609b033509de22521de1bfed0c031bfc5110
  md5: 239c5e9546c38a1e884d69effcf4c882
  depends:
  - __glibc >=2.17,<3.0.a0
  license: GPL-3.0-only WITH GCC-exception-3.1
  license_family: GPL
  size: 603262
  timestamp: 1771378117851
- conda: https://conda.anaconda.org/conda-forge/linux-64/liblapack-3.11.0-6_h47877c9_openblas.conda
  build_number: 6
  sha256: 371f517eb7010b21c6cc882c7606daccebb943307cb9a3bf2c70456a5c024f7d
  md5: 881d801569b201c2e753f03c84b85e15
  depends:
  - libblas 3.11.0 6_h4a7cf45_openblas
  constrains:
  - blas 2.306   openblas
  - liblapacke 3.11.0   6*_openblas
  - libcblas   3.11.0   6*_openblas
  license: BSD-3-Clause
  license_family: BSD
  size: 18624
  timestamp: 1774503065378
- conda: https://conda.anaconda.org/conda-forge/linux-64/liblzma-5.8.3-hb03c661_0.conda
  sha256: ec30e52a3c1bf7d0425380a189d209a52baa03f22fb66dd3eb587acaa765bd6d
  md5: b88d90cad08e6bc8ad540cb310a761fb
  depends:
  - __glibc >=2.17,<3.0.a0
  - libgcc >=14
  constrains:
  - xz 5.8.3.*
  license: 0BSD
  size: 113478
  timestamp: 1775825492909
- conda: https://conda.anaconda.org/conda-forge/linux-64/libmpdec-4.0.0-hb03c661_1.conda
  sha256: fe171ed5cf5959993d43ff72de7596e8ac2853e9021dec0344e583734f1e0843
  md5: 2c21e66f50753a083cbe6b80f38268fa
  depends:
  - __glibc >=2.17,<3.0.a0
  - libgcc >=14
  license: BSD-2-Clause
  license_family: BSD
  size: 92400
  timestamp: 1769482286018
- conda: https://conda.anaconda.org/conda-forge/linux-64/libnl-3.11.0-hb9d3cd8_0.conda
  sha256: ba7c5d294e3d80f08ac5a39564217702d1a752e352e486210faff794ac5001b4
  md5: db63358239cbe1ff86242406d440e44a
  depends:
  - __glibc >=2.17,<3.0.a0
  - libgcc >=13
  license: LGPL-2.1-or-later
  license_family: LGPL
  size: 741323
  timestamp: 1731846827427
- conda: https://conda.anaconda.org/conda-forge/linux-64/libnvjitlink-13.2.78-hecca717_0.conda
  sha256: 2ece599a2a1090eb70916061ab8b49670ee9b143e1f3b41efa0e32e0336a9465
  md5: 641ddee63cb39856291275114ce15d13
  depends:
  - __glibc >=2.17,<3.0.a0
  - cuda-version >=13,<13.3.0a0
  - libgcc >=14
  - libstdcxx >=14
  license: LicenseRef-NVIDIA-End-User-License-Agreement
  size: 31659345
  timestamp: 1776110062236
- conda: https://conda.anaconda.org/conda-forge/linux-64/libopenblas-0.3.32-pthreads_h94d23a6_0.conda
  sha256: 6dc30b28f32737a1c52dada10c8f3a41bc9e021854215efca04a7f00487d09d9
  md5: 89d61bc91d3f39fda0ca10fcd3c68594
  depends:
  - __glibc >=2.17,<3.0.a0
  - libgcc >=14
  - libgfortran
  - libgfortran5 >=14.3.0
  constrains:
  - openblas >=0.3.32,<0.3.33.0a0
  license: BSD-3-Clause
  license_family: BSD
  size: 5928890
  timestamp: 1774471724897
- conda: https://conda.anaconda.org/conda-forge/linux-64/libsqlite-3.53.0-hf4e2dac_0.conda
  sha256: ec37c79f737933bbac965f5dc0f08ef2790247129a84bb3114fad4900adce401
  md5: 810d83373448da85c3f673fbcb7ad3a3
  depends:
  - __glibc >=2.17,<3.0.a0
  - icu >=78.3,<79.0a0
  - libgcc >=14
  - libzlib >=1.3.2,<2.0a0
  license: blessing
  size: 958864
  timestamp: 1775753750179
- conda: https://conda.anaconda.org/conda-forge/linux-64/libstdcxx-15.2.0-h934c35e_18.conda
  sha256: 78668020064fdaa27e9ab65cd2997e2c837b564ab26ce3bf0e58a2ce1a525c6e
  md5: 1b08cd684f34175e4514474793d44bcb
  depends:
  - __glibc >=2.17,<3.0.a0
  - libgcc 15.2.0 he0feb66_18
  constrains:
  - libstdcxx-ng ==15.2.0=*_18
  license: GPL-3.0-only WITH GCC-exception-3.1
  license_family: GPL
  size: 5852330
  timestamp: 1771378262446
- conda: https://conda.anaconda.org/conda-forge/linux-64/libsystemd0-257.13-hd0affe5_0.conda
  sha256: c5008b602cb5c819f7b52d418b3ed17e1818cbbf6705b189e7ab36bb70cce3d8
  md5: 8ee3cb7f64be0e8c4787f3a4dbe024e6
  depends:
  - __glibc >=2.17,<3.0.a0
  - libcap >=2.77,<2.78.0a0
  - libgcc >=14
  license: LGPL-2.1-or-later
  size: 492799
  timestamp: 1773797095649
- conda: https://conda.anaconda.org/conda-forge/linux-64/libudev1-257.13-hd0affe5_0.conda
  sha256: 1a1e367c04d66030aa93b4d33905f7f6fbb59cfc292e816fe3e9c1e8b3f4d1e2
  md5: 2c2270f93d6f9073cbf72d821dfc7d72
  depends:
  - __glibc >=2.17,<3.0.a0
  - libcap >=2.77,<2.78.0a0
  - libgcc >=14
  license: LGPL-2.1-or-later
  size: 145087
  timestamp: 1773797108513
- conda: https://conda.anaconda.org/conda-forge/linux-64/libuuid-2.42-h5347b49_0.conda
  sha256: bc1b08c92626c91500fd9f26f2c797f3eb153b627d53e9c13cd167f1e12b2829
  md5: 38ffe67b78c9d4de527be8315e5ada2c
  depends:
  - __glibc >=2.17,<3.0.a0
  - libgcc >=14
  license: BSD-3-Clause
  license_family: BSD
  size: 40297
  timestamp: 1775052476770
- conda: https://conda.anaconda.org/conda-forge/linux-64/libzlib-1.3.2-h25fd6f3_2.conda
  sha256: 55044c403570f0dc26e6364de4dc5368e5f3fc7ff103e867c487e2b5ab2bcda9
  md5: d87ff7921124eccd67248aa483c23fec
  depends:
  - __glibc >=2.17,<3.0.a0
  constrains:
  - zlib 1.3.2 *_2
  license: Zlib
  license_family: Other
  size: 63629
  timestamp: 1774072609062
- conda: https://conda.anaconda.org/conda-forge/linux-64/ncurses-6.6-hdb14827_0.conda
  sha256: fc89f74bbe362fb29fa3c037697a89bec140b346a2469a90f7936d1d7ea4d8a3
  md5: fc21868a1a5aacc937e7a18747acb8a5
  depends:
  - __glibc >=2.17,<3.0.a0
  - libgcc >=14
  license: X11 AND BSD-3-Clause
  size: 918956
  timestamp: 1777422145199
- conda: https://conda.anaconda.org/conda-forge/noarch/nodeenv-1.10.0-pyhd8ed1ab_0.conda
  sha256: 4fa40e3e13fc6ea0a93f67dfc76c96190afd7ea4ffc1bac2612d954b42cdc3ee
  md5: eb52d14a901e23c39e9e7b4a1a5c015f
  depends:
  - python >=3.10
  - setuptools
  license: BSD-3-Clause
  license_family: BSD
  size: 40866
  timestamp: 1766261270149
- conda: https://conda.anaconda.org/conda-forge/linux-64/numpy-2.4.3-py314h2b28147_0.conda
  sha256: f2ba8cb0d86a6461a6bcf0d315c80c7076083f72c6733c9290086640723f79ec
  md5: 36f5b7eb328bdc204954a2225cf908e2
  depends:
  - python
  - libstdcxx >=14
  - libgcc >=14
  - __glibc >=2.17,<3.0.a0
  - python_abi 3.14.* *_cp314
  - libcblas >=3.9.0,<4.0a0
  - liblapack >=3.9.0,<4.0a0
  - libblas >=3.9.0,<4.0a0
  constrains:
  - numpy-base <0a0
  license: BSD-3-Clause
  license_family: BSD
  size: 8927860
  timestamp: 1773839233468
- conda: https://conda.anaconda.org/conda-forge/linux-64/openssl-3.6.2-h35e630c_0.conda
  sha256: c0ef482280e38c71a08ad6d71448194b719630345b0c9c60744a2010e8a8e0cb
  md5: da1b85b6a87e141f5140bb9924cecab0
  depends:
  - __glibc >=2.17,<3.0.a0
  - ca-certificates
  - libgcc >=14
  license: Apache-2.0
  license_family: Apache
  size: 3167099
  timestamp: 1775587756857
- conda: https://conda.anaconda.org/conda-forge/noarch/platformdirs-4.9.6-pyhcf101f3_0.conda
  sha256: 8f29915c172f1f7f4f7c9391cd5dac3ebf5d13745c8b7c8006032615246345a5
  md5: 89c0b6d1793601a2a3a3f7d2d3d8b937
  depends:
  - python >=3.10
  - python
  license: MIT
  license_family: MIT
  size: 25862
  timestamp: 1775741140609
- conda: https://conda.anaconda.org/conda-forge/noarch/pre-commit-4.6.0-pyha770c72_0.conda
  sha256: 716960bf0a9eb334458a26b3bdcb17b8d0786062138a4f48c7f335c8418c5d0b
  md5: 7859736b4f8ebe6c8481bf48d91c9a1e
  depends:
  - cfgv >=2.0.0
  - identify >=1.0.0
  - nodeenv >=0.11.1
  - python >=3.10
  - pyyaml >=5.1
  - virtualenv >=20.10.0
  license: MIT
  license_family: MIT
  size: 201606
  timestamp: 1776858157327
- conda: https://conda.anaconda.org/conda-forge/noarch/pycparser-2.22-pyh29332c3_1.conda
  sha256: 79db7928d13fab2d892592223d7570f5061c192f27b9febd1a418427b719acc6
  md5: 12c566707c80111f9799308d9e265aef
  depends:
  - python >=3.9
  - python
  license: BSD-3-Clause
  license_family: BSD
  size: 110100
  timestamp: 1733195786147
- conda: https://conda.anaconda.org/conda-forge/linux-64/pyperf-2.9.0-py314hdafbbf9_0.conda
  sha256: 438c41b42530874928733299ca815f5994f36996c86024f3f37ca220ed910a07
  md5: ed166875b3876d5d7e6e39d2e8d1c6e3
  depends:
  - python >=3.14,<3.15.0a0
  - python_abi 3.14.* *_cp314
  - six
  license: MIT
  license_family: MIT
  size: 273897
  timestamp: 1765980972868
- conda: https://conda.anaconda.org/conda-forge/linux-64/python-3.14.4-habeac84_100_cp314.conda
  build_number: 100
  sha256: dec247c5badc811baa34d6085df9d0465535883cf745e22e8d79092ad54a3a7b
  md5: a443f87920815d41bfe611296e507995
  depends:
  - __glibc >=2.17,<3.0.a0
  - bzip2 >=1.0.8,<2.0a0
  - ld_impl_linux-64 >=2.36.1
  - libexpat >=2.7.5,<3.0a0
  - libffi >=3.5.2,<3.6.0a0
  - libgcc >=14
  - liblzma >=5.8.2,<6.0a0
  - libmpdec >=4.0.0,<5.0a0
  - libsqlite >=3.52.0,<4.0a0
  - libuuid >=2.42,<3.0a0
  - libzlib >=1.3.2,<2.0a0
  - ncurses >=6.5,<7.0a0
  - openssl >=3.5.6,<4.0a0
  - python_abi 3.14.* *_cp314
  - readline >=8.3,<9.0a0
  - tk >=8.6.13,<8.7.0a0
  - tzdata
  - zstd >=1.5.7,<1.6.0a0
  license: Python-2.0
  size: 36705460
  timestamp: 1775614357822
  python_site_packages_path: lib/python3.14/site-packages
- conda: https://conda.anaconda.org/conda-forge/noarch/python-discovery-1.2.2-pyhcf101f3_0.conda
  sha256: 498ad019d75ba31c7891dc6d9efc8a7ed48cd5d5973f3a9377eb1b174577d3db
  md5: feb2e11368da12d6ce473b6573efab41
  depends:
  - python >=3.10
  - filelock >=3.15.4
  - platformdirs <5,>=4.3.6
  - python
  license: MIT
  license_family: MIT
  size: 34341
  timestamp: 1775586706825
- conda: https://conda.anaconda.org/conda-forge/noarch/python_abi-3.14-8_cp314.conda
  build_number: 8
  sha256: ad6d2e9ac39751cc0529dd1566a26751a0bf2542adb0c232533d32e176e21db5
  md5: 0539938c55b6b1a59b560e843ad864a4
  constrains:
  - python 3.14.* *_cp314
  license: BSD-3-Clause
  license_family: BSD
  size: 6989
  timestamp: 1752805904792
- conda: https://conda.anaconda.org/conda-forge/linux-64/pyyaml-6.0.3-py314h67df5f8_1.conda
  sha256: b318fb070c7a1f89980ef124b80a0b5ccf3928143708a85e0053cde0169c699d
  md5: 2035f68f96be30dc60a5dfd7452c7941
  depends:
  - __glibc >=2.17,<3.0.a0
  - libgcc >=14
  - python >=3.14,<3.15.0a0
  - python_abi 3.14.* *_cp314
  - yaml >=0.2.5,<0.3.0a0
  license: MIT
  license_family: MIT
  size: 202391
  timestamp: 1770223462836
- conda: https://conda.anaconda.org/conda-forge/linux-64/rdma-core-61.0-h192683f_0.conda
  sha256: 8e0b7962cf8bec9a016cd91a6c6dc1f9ebc8e7e316b1d572f7b9047d0de54717
  md5: d487d93d170e332ab39803e05912a762
  depends:
  - __glibc >=2.17,<3.0.a0
  - libgcc >=14
  - libnl >=3.11.0,<4.0a0
  - libstdcxx >=14
  - libsystemd0 >=257.10
  - libudev1 >=257.10
  license: Linux-OpenIB
  license_family: BSD
  size: 1268666
  timestamp: 1769154883613
- conda: https://conda.anaconda.org/conda-forge/linux-64/readline-8.3-h853b02a_0.conda
  sha256: 12ffde5a6f958e285aa22c191ca01bbd3d6e710aa852e00618fa6ddc59149002
  md5: d7d95fc8287ea7bf33e0e7116d2b95ec
  depends:
  - __glibc >=2.17,<3.0.a0
  - libgcc >=14
  - ncurses >=6.5,<7.0a0
  license: GPL-3.0-only
  license_family: GPL
  size: 345073
  timestamp: 1765813471974
- conda: https://conda.anaconda.org/conda-forge/noarch/setuptools-82.0.1-pyh332efcf_0.conda
  sha256: 82088a6e4daa33329a30bc26dc19a98c7c1d3f05c0f73ce9845d4eab4924e9e1
  md5: 8e194e7b992f99a5015edbd4ebd38efd
  depends:
  - python >=3.10
  license: MIT
  license_family: MIT
  size: 639697
  timestamp: 1773074868565
- conda: https://conda.anaconda.org/conda-forge/noarch/six-1.17.0-pyhe01879c_1.conda
  sha256: 458227f759d5e3fcec5d9b7acce54e10c9e1f4f4b7ec978f3bfd54ce4ee9853d
  md5: 3339e3b65d58accf4ca4fb8748ab16b3
  depends:
  - python >=3.9
  - python
  license: MIT
  license_family: MIT
  size: 18455
  timestamp: 1753199211006
- conda: https://conda.anaconda.org/conda-forge/linux-64/tk-8.6.13-noxft_h366c992_103.conda
  sha256: cafeec44494f842ffeca27e9c8b0c27ed714f93ac77ddadc6aaf726b5554ebac
  md5: cffd3bdd58090148f4cfcd831f4b26ab
  depends:
  - __glibc >=2.17,<3.0.a0
  - libgcc >=14
  - libzlib >=1.3.1,<2.0a0
  constrains:
  - xorg-libx11 >=1.8.12,<2.0a0
  license: TCL
  license_family: BSD
  size: 3301196
  timestamp: 1769460227866
- conda: https://conda.anaconda.org/conda-forge/noarch/typing_extensions-4.15.0-pyhcf101f3_0.conda
  sha256: 032271135bca55aeb156cee361c81350c6f3fb203f57d024d7e5a1fc9ef18731
  md5: 0caa1af407ecff61170c9437a808404d
  depends:
  - python >=3.10
  - python
  license: PSF-2.0
  license_family: PSF
  size: 51692
  timestamp: 1756220668932
- conda: https://conda.anaconda.org/conda-forge/noarch/tzdata-2025c-hc9c84f9_1.conda
  sha256: 1d30098909076af33a35017eed6f2953af1c769e273a0626a04722ac4acaba3c
  md5: ad659d0a2b3e47e38d829aa8cad2d610
  license: LicenseRef-Public-Domain
  size: 119135
  timestamp: 1767016325805
- conda: https://conda.anaconda.org/conda-forge/linux-64/ukkonen-1.1.0-py314h9891dd4_0.conda
  sha256: c84034056dc938c853e4f61e72e5bd37e2ec91927a661fb9762f678cbea52d43
  md5: 5d3c008e54c7f49592fca9c32896a76f
  depends:
  - __glibc >=2.17,<3.0.a0
  - cffi
  - libgcc >=14
  - libstdcxx >=14
  - python >=3.14,<3.15.0a0
  - python_abi 3.14.* *_cp314
  license: MIT
  license_family: MIT
  size: 15004
  timestamp: 1769438727085
- conda: https://conda.anaconda.org/conda-forge/noarch/virtualenv-21.3.0-pyhcf101f3_0.conda
  sha256: defaf2bc2a3cf6f1455149531e8be4d03e18eb1d022ffe4f4d964d49bbf0fe34
  md5: da6e70a64226740cef159121dbe40b95
  depends:
  - python >=3.10
  - distlib >=0.3.7,<1
  - filelock <4,>=3.24.2
  - importlib-metadata >=6.6
  - platformdirs >=3.9.1,<5
  - python-discovery >=1
  - typing_extensions >=4.13.2
  - python
  license: MIT
  license_family: MIT
  size: 5161814
  timestamp: 1777321763628
- conda: https://conda.anaconda.org/conda-forge/linux-64/yaml-0.2.5-h280c20c_3.conda
  sha256: 6d9ea2f731e284e9316d95fa61869fe7bbba33df7929f82693c121022810f4ad
  md5: a77f85f77be52ff59391544bfe73390a
  depends:
  - libgcc >=14
  - __glibc >=2.17,<3.0.a0
  license: MIT
  license_family: MIT
  size: 85189
  timestamp: 1753484064210
- conda: https://conda.anaconda.org/conda-forge/noarch/zipp-3.23.1-pyhcf101f3_0.conda
  sha256: 523616c0530d305d2216c2b4a8dfd3872628b60083255b89c5e0d8c42e738cca
  md5: e1c36c6121a7c9c76f2f148f1e83b983
  depends:
  - python >=3.10
  - python
  license: MIT
  license_family: MIT
  size: 24461
  timestamp: 1776131454755
- conda: https://conda.anaconda.org/conda-forge/linux-64/zstd-1.5.7-hb78ec9c_6.conda
  sha256: 68f0206ca6e98fea941e5717cec780ed2873ffabc0e1ed34428c061e2c6268c7
  md5: 4a13eeac0b5c8e5b8ab496e6c4ddd829
  depends:
  - __glibc >=2.17,<3.0.a0
  - libzlib >=1.3.1,<2.0a0
  license: BSD-3-Clause
  license_family: BSD
  size: 601375
  timestamp: 1764777111296
